{
  "name": "Quapp-Container",
  "lockfileVersion": 2,
  "requires": true,
  "packages": {
    "": {
      "dependencies": {
        "@next/font": "^13.4.6"
      }
    },
    "node_modules/@next/font": {
      "version": "13.4.6",
      "resolved": "https://registry.npmjs.org/@next/font/-/font-13.4.6.tgz",
      "integrity": "sha512-Pjm6B6f4KWr4kWe7yu2trLtwQPco/wLSOzWeD7bW17Sd209ibrhRwbSggvlAt1FJu8K4ag2xtVg8WfRFbON1mw=="
    }
  },
  "dependencies": {
    "@next/font": {
      "version": "13.4.6",
      "resolved": "https://registry.npmjs.org/@next/font/-/font-13.4.6.tgz",
      "integrity": "sha512-Pjm6B6f4KWr4kWe7yu2trLtwQPco/wLSOzWeD7bW17Sd209ibrhRwbSggvlAt1FJu8K4ag2xtVg8WfRFbON1mw=="
    }
  }
}
